
Microsoft Visual Studio Solution File, Format Version 12.00
Project("{FAE04EC0-301F-11D3-BF4B-00C04F79EFBC}") = "MinecraftMemoryMonitor", "MinecraftMemoryMonitor.csproj", "{8CEB3C79-FC72-481D-89F5-D29B35A95C03}"
EndProject
Global
	GlobalSection(SolutionConfigurationPlatforms) = preSolution
		Debug|Any CPU = Debug|Any CPU
		Release|Any CPU = Release|Any CPU
	EndGlobalSection
	GlobalSection(ProjectConfigurationPlatforms) = postSolution
		{8CEB3C79-FC72-481D-89F5-D29B35A95C03}.Debug|Any CPU.ActiveCfg = Debug|Any CPU
		{8CEB3C79-FC72-481D-89F5-D29B35A95C03}.Debug|Any CPU.Build.0 = Debug|Any CPU
		{8CEB3C79-FC72-481D-89F5-D29B35A95C03}.Release|Any CPU.ActiveCfg = Release|Any CPU
		{8CEB3C79-FC72-481D-89F5-D29B35A95C03}.Release|Any CPU.Build.0 = Release|Any CPU
	EndGlobalSection
EndGlobal
